// !$*UTF8*$!
{
	archiveVersion = 1;
	classes = {
	};
	objectVersion = 50;
	objects = {

/* Begin PBXBuildFile section */
		E904841E25CE7D230050702A /* AppDelegate.swift in Sources */ = {isa = PBXBuildFile; fileRef = E904841D25CE7D230050702A /* AppDelegate.swift */; };
		E904842025CE7D230050702A /* SceneDelegate.swift in Sources */ = {isa = PBXBuildFile; fileRef = E904841F25CE7D230050702A /* SceneDelegate.swift */; };
		E904842225CE7D230050702A /* TravelLocationsMapViewController.swift in Sources */ = {isa = PBXBuildFile; fileRef = E904842125CE7D230050702A /* TravelLocationsMapViewController.swift */; };
		E904842525CE7D230050702A /* Main.storyboard in Resources */ = {isa = PBXBuildFile; fileRef = E904842325CE7D230050702A /* Main.storyboard */; };
		E904842725CE7D240050702A /* Assets.xcassets in Resources */ = {isa = PBXBuildFile; fileRef = E904842625CE7D240050702A /* Assets.xcassets */; };
		E904842A25CE7D240050702A /* LaunchScreen.storyboard in Resources */ = {isa = PBXBuildFile; fileRef = E904842825CE7D240050702A /* LaunchScreen.storyboard */; };
		E962A4D225DCDB9A00F8A608 /* VirtualTourist.xcdatamodeld in Sources */ = {isa = PBXBuildFile; fileRef = E962A4D025DCDB9A00F8A608 /* VirtualTourist.xcdatamodeld */; };
		E962A4D625DDD7D400F8A608 /* PhotoAlbumViewController.swift in Sources */ = {isa = PBXBuildFile; fileRef = E962A4D525DDD7D400F8A608 /* PhotoAlbumViewController.swift */; };
		E962A4DD25DFA64700F8A608 /* FlickrClient.swift in Sources */ = {isa = PBXBuildFile; fileRef = E962A4DC25DFA64700F8A608 /* FlickrClient.swift */; };
		E962A4E325DFAF8600F8A608 /* FlickrErrorResponse.swift in Sources */ = {isa = PBXBuildFile; fileRef = E962A4E225DFAF8600F8A608 /* FlickrErrorResponse.swift */; };
		E962A4E625DFB27600F8A608 /* FlickrPhotos.swift in Sources */ = {isa = PBXBuildFile; fileRef = E962A4E525DFB27600F8A608 /* FlickrPhotos.swift */; };
		E962A4EA25DFB4AE00F8A608 /* FlickrPhoto.swift in Sources */ = {isa = PBXBuildFile; fileRef = E962A4E925DFB4AE00F8A608 /* FlickrPhoto.swift */; };
		E962A4EE25DFBA4B00F8A608 /* FlickrPhotosResponse.swift in Sources */ = {isa = PBXBuildFile; fileRef = E962A4ED25DFBA4B00F8A608 /* FlickrPhotosResponse.swift */; };
		E962A4F825E09E7200F8A608 /* PhotoCell.swift in Sources */ = {isa = PBXBuildFile; fileRef = E962A4F725E09E7200F8A608 /* PhotoCell.swift */; };
/* End PBXBuildFile section */

/* Begin PBXFileReference section */
		E904841A25CE7D230050702A /* VirtualTourist.app */ = {isa = PBXFileReference; explicitFileType = wrapper.application; includeInIndex = 0; path = VirtualTourist.app; sourceTree = BUILT_PRODUCTS_DIR; };
		E904841D25CE7D230050702A /* AppDelegate.swift */ = {isa = PBXFileReference; lastKnownFileType = sourcecode.swift; path = AppDelegate.swift; sourceTree = "<group>"; };
		E904841F25CE7D230050702A /* SceneDelegate.swift */ = {isa = PBXFileReference; lastKnownFileType = sourcecode.swift; path = SceneDelegate.swift; sourceTree = "<group>"; };
		E904842125CE7D230050702A /* TravelLocationsMapViewController.swift */ = {isa = PBXFileReference; lastKnownFileType = sourcecode.swift; path = TravelLocationsMapViewController.swift; sourceTree = "<group>"; };
		E904842425CE7D230050702A /* Base */ = {isa = PBXFileReference; lastKnownFileType = file.storyboard; name = Base; path = Base.lproj/Main.storyboard; sourceTree = "<group>"; };
		E904842625CE7D240050702A /* Assets.xcassets */ = {isa = PBXFileReference; lastKnownFileType = folder.assetcatalog; path = Assets.xcassets; sourceTree = "<group>"; };
		E904842925CE7D240050702A /* Base */ = {isa = PBXFileReference; lastKnownFileType = file.storyboard; name = Base; path = Base.lproj/LaunchScreen.storyboard; sourceTree = "<group>"; };
		E904842B25CE7D240050702A /* Info.plist */ = {isa = PBXFileReference; lastKnownFileType = text.plist.xml; name = Info.plist; path = VirtualTourist/Resources/Info.plist; sourceTree = SOURCE_ROOT; };
		E962A4D125DCDB9A00F8A608 /* VirtualTourist.xcdatamodel */ = {isa = PBXFileReference; lastKnownFileType = wrapper.xcdatamodel; path = VirtualTourist.xcdatamodel; sourceTree = "<group>"; };
		E962A4D525DDD7D400F8A608 /* PhotoAlbumViewController.swift */ = {isa = PBXFileReference; lastKnownFileType = sourcecode.swift; path = PhotoAlbumViewController.swift; sourceTree = "<group>"; };
		E962A4DC25DFA64700F8A608 /* FlickrClient.swift */ = {isa = PBXFileReference; lastKnownFileType = sourcecode.swift; path = FlickrClient.swift; sourceTree = "<group>"; };
		E962A4E225DFAF8600F8A608 /* FlickrErrorResponse.swift */ = {isa = PBXFileReference; lastKnownFileType = sourcecode.swift; path = FlickrErrorResponse.swift; sourceTree = "<group>"; };
		E962A4E525DFB27600F8A608 /* FlickrPhotos.swift */ = {isa = PBXFileReference; lastKnownFileType = sourcecode.swift; path = FlickrPhotos.swift; sourceTree = "<group>"; };
		E962A4E925DFB4AE00F8A608 /* FlickrPhoto.swift */ = {isa = PBXFileReference; lastKnownFileType = sourcecode.swift; path = FlickrPhoto.swift; sourceTree = "<group>"; };
		E962A4ED25DFBA4B00F8A608 /* FlickrPhotosResponse.swift */ = {isa = PBXFileReference; lastKnownFileType = sourcecode.swift; path = FlickrPhotosResponse.swift; sourceTree = "<group>"; };
		E962A4F725E09E7200F8A608 /* PhotoCell.swift */ = {isa = PBXFileReference; lastKnownFileType = sourcecode.swift; path = PhotoCell.swift; sourceTree = "<group>"; };
/* End PBXFileReference section */

/* Begin PBXFrameworksBuildPhase section */
		E904841725CE7D230050702A /* Frameworks */ = {
			isa = PBXFrameworksBuildPhase;
			buildActionMask = 2147483647;
			files = (
			);
			runOnlyForDeploymentPostprocessing = 0;
		};
/* End PBXFrameworksBuildPhase section */

/* Begin PBXGroup section */
		E904841125CE7D230050702A = {
			isa = PBXGroup;
			children = (
				E904841C25CE7D230050702A /* VirtualTourist */,
				E904841B25CE7D230050702A /* Products */,
			);
			sourceTree = "<group>";
		};
		E904841B25CE7D230050702A /* Products */ = {
			isa = PBXGroup;
			children = (
				E904841A25CE7D230050702A /* VirtualTourist.app */,
			);
			name = Products;
			sourceTree = "<group>";
		};
		E904841C25CE7D230050702A /* VirtualTourist */ = {
			isa = PBXGroup;
			children = (
				E904841D25CE7D230050702A /* AppDelegate.swift */,
				E904841F25CE7D230050702A /* SceneDelegate.swift */,
				E962A4CD25DCD9F800F8A608 /* Models */,
				E962A4CC25DCD9ED00F8A608 /* Controllers */,
				E962A4C925DCD04C00F8A608 /* Storyboards */,
				E962A4CE25DCDA0900F8A608 /* Resources */,
			);
			path = VirtualTourist;
			sourceTree = "<group>";
		};
		E962A4C925DCD04C00F8A608 /* Storyboards */ = {
			isa = PBXGroup;
			children = (
				E904842325CE7D230050702A /* Main.storyboard */,
				E904842825CE7D240050702A /* LaunchScreen.storyboard */,
			);
			path = Storyboards;
			sourceTree = "<group>";
		};
		E962A4CC25DCD9ED00F8A608 /* Controllers */ = {
			isa = PBXGroup;
			children = (
				E904842125CE7D230050702A /* TravelLocationsMapViewController.swift */,
				E962A4D525DDD7D400F8A608 /* PhotoAlbumViewController.swift */,
				E962A4F725E09E7200F8A608 /* PhotoCell.swift */,
			);
			path = Controllers;
			sourceTree = "<group>";
		};
		E962A4CD25DCD9F800F8A608 /* Models */ = {
			isa = PBXGroup;
			children = (
				E962A4DA25DF954500F8A608 /* Flickr Client */,
				E962A4E025DFAF4300F8A608 /* Flickr Responses */,
				E962A4E825DFB37000F8A608 /* Core Data */,
			);
			path = Models;
			sourceTree = "<group>";
		};
		E962A4CE25DCDA0900F8A608 /* Resources */ = {
			isa = PBXGroup;
			children = (
				E904842B25CE7D240050702A /* Info.plist */,
				E904842625CE7D240050702A /* Assets.xcassets */,
			);
			path = Resources;
			sourceTree = "<group>";
		};
		E962A4DA25DF954500F8A608 /* Flickr Client */ = {
			isa = PBXGroup;
			children = (
				E962A4DC25DFA64700F8A608 /* FlickrClient.swift */,
			);
			path = "Flickr Client";
			sourceTree = "<group>";
		};
		E962A4E025DFAF4300F8A608 /* Flickr Responses */ = {
			isa = PBXGroup;
			children = (
				E962A4ED25DFBA4B00F8A608 /* FlickrPhotosResponse.swift */,
				E962A4E925DFB4AE00F8A608 /* FlickrPhoto.swift */,
				E962A4E525DFB27600F8A608 /* FlickrPhotos.swift */,
				E962A4E225DFAF8600F8A608 /* FlickrErrorResponse.swift */,
			);
			path = "Flickr Responses";
			sourceTree = "<group>";
		};
		E962A4E825DFB37000F8A608 /* Core Data */ = {
			isa = PBXGroup;
			children = (
				E962A4D025DCDB9A00F8A608 /* VirtualTourist.xcdatamodeld */,
			);
			path = "Core Data";
			sourceTree = "<group>";
		};
/* End PBXGroup section */

/* Begin PBXNativeTarget section */
		E904841925CE7D230050702A /* VirtualTourist */ = {
			isa = PBXNativeTarget;
			buildConfigurationList = E904842E25CE7D240050702A /* Build configuration list for PBXNativeTarget "VirtualTourist" */;
			buildPhases = (
				E904841625CE7D230050702A /* Sources */,
				E904841725CE7D230050702A /* Frameworks */,
				E904841825CE7D230050702A /* Resources */,
			);
			buildRules = (
			);
			dependencies = (
			);
			name = VirtualTourist;
			productName = VirtualTourist;
			productReference = E904841A25CE7D230050702A /* VirtualTourist.app */;
			productType = "com.apple.product-type.application";
		};
/* End PBXNativeTarget section */

/* Begin PBXProject section */
		E904841225CE7D230050702A /* Project object */ = {
			isa = PBXProject;
			attributes = {
				LastSwiftUpdateCheck = 1210;
				LastUpgradeCheck = 1210;
				TargetAttributes = {
					E904841925CE7D230050702A = {
						CreatedOnToolsVersion = 12.1;
					};
				};
			};
			buildConfigurationList = E904841525CE7D230050702A /* Build configuration list for PBXProject "VirtualTourist" */;
			compatibilityVersion = "Xcode 9.3";
			developmentRegion = en;
			hasScannedForEncodings = 0;
			knownRegions = (
				en,
				Base,
			);
			mainGroup = E904841125CE7D230050702A;
			productRefGroup = E904841B25CE7D230050702A /* Products */;
			projectDirPath = "";
			projectRoot = "";
			targets = (
				E904841925CE7D230050702A /* VirtualTourist */,
			);
		};
/* End PBXProject section */

/* Begin PBXResourcesBuildPhase section */
		E904841825CE7D230050702A /* Resources */ = {
			isa = PBXResourcesBuildPhase;
			buildActionMask = 2147483647;
			files = (
				E904842A25CE7D240050702A /* LaunchScreen.storyboard in Resources */,
				E904842725CE7D240050702A /* Assets.xcassets in Resources */,
				E904842525CE7D230050702A /* Main.storyboard in Resources */,
			);
			runOnlyForDeploymentPostprocessing = 0;
		};
/* End PBXResourcesBuildPhase section */

/* Begin PBXSourcesBuildPhase section */
		E904841625CE7D230050702A /* Sources */ = {
			isa = PBXSourcesBuildPhase;
			buildActionMask = 2147483647;
			files = (
				E962A4D225DCDB9A00F8A608 /* VirtualTourist.xcdatamodeld in Sources */,
				E904842225CE7D230050702A /* TravelLocationsMapViewController.swift in Sources */,
				E904841E25CE7D230050702A /* AppDelegate.swift in Sources */,
				E962A4EA25DFB4AE00F8A608 /* FlickrPhoto.swift in Sources */,
				E962A4E325DFAF8600F8A608 /* FlickrErrorResponse.swift in Sources */,
				E962A4D625DDD7D400F8A608 /* PhotoAlbumViewController.swift in Sources */,
				E962A4E625DFB27600F8A608 /* FlickrPhotos.swift in Sources */,
				E904842025CE7D230050702A /* SceneDelegate.swift in Sources */,
				E962A4DD25DFA64700F8A608 /* FlickrClient.swift in Sources */,
				E962A4F825E09E7200F8A608 /* PhotoCell.swift in Sources */,
				E962A4EE25DFBA4B00F8A608 /* FlickrPhotosResponse.swift in Sources */,
			);
			runOnlyForDeploymentPostprocessing = 0;
		};
/* End PBXSourcesBuildPhase section */

/* Begin PBXVariantGroup section */
		E904842325CE7D230050702A /* Main.storyboard */ = {
			isa = PBXVariantGroup;
			children = (
				E904842425CE7D230050702A /* Base */,
			);
			name = Main.storyboard;
			sourceTree = "<group>";
		};
		E904842825CE7D240050702A /* LaunchScreen.storyboard */ = {
			isa = PBXVariantGroup;
			children = (
				E904842925CE7D240050702A /* Base */,
			);
			name = LaunchScreen.storyboard;
			sourceTree = "<group>";
		};
/* End PBXVariantGroup section */

/* Begin XCBuildConfiguration section */
		E904842C25CE7D240050702A /* Debug */ = {
			isa = XCBuildConfiguration;
			buildSettings = {
				ALWAYS_SEARCH_USER_PATHS = NO;
				CLANG_ANALYZER_NONNULL = YES;
				CLANG_ANALYZER_NUMBER_OBJECT_CONVERSION = YES_AGGRESSIVE;
				CLANG_CXX_LANGUAGE_STANDARD = "gnu++14";
				CLANG_CXX_LIBRARY = "libc++";
				CLANG_ENABLE_MODULES = YES;
				CLANG_ENABLE_OBJC_ARC = YES;
				CLANG_ENABLE_OBJC_WEAK = YES;
				CLANG_WARN_BLOCK_CAPTURE_AUTORELEASING = YES;
				CLANG_WARN_BOOL_CONVERSION = YES;
				CLANG_WARN_COMMA = YES;
				CLANG_WARN_CONSTANT_CONVERSION = YES;
				CLANG_WARN_DEPRECATED_OBJC_IMPLEMENTATIONS = YES;
				CLANG_WARN_DIRECT_OBJC_ISA_USAGE = YES_ERROR;
				CLANG_WARN_DOCUMENTATION_COMMENTS = YES;
				CLANG_WARN_EMPTY_BODY = YES;
				CLANG_WARN_ENUM_CONVERSION = YES;
				CLANG_WARN_INFINITE_RECURSION = YES;
				CLANG_WARN_INT_CONVERSION = YES;
				CLANG_WARN_NON_LITERAL_NULL_CONVERSION = YES;
				CLANG_WARN_OBJC_IMPLICIT_RETAIN_SELF = YES;
				CLANG_WARN_OBJC_LITERAL_CONVERSION = YES;
				CLANG_WARN_OBJC_ROOT_CLASS = YES_ERROR;
				CLANG_WARN_QUOTED_INCLUDE_IN_FRAMEWORK_HEADER = YES;
				CLANG_WARN_RANGE_LOOP_ANALYSIS = YES;
				CLANG_WARN_STRICT_PROTOTYPES = YES;
				CLANG_WARN_SUSPICIOUS_MOVE = YES;
				CLANG_WARN_UNGUARDED_AVAILABILITY = YES_AGGRESSIVE;
				CLANG_WARN_UNREACHABLE_CODE = YES;
				CLANG_WARN__DUPLICATE_METHOD_MATCH = YES;
				COPY_PHASE_STRIP = NO;
				DEBUG_INFORMATION_FORMAT = dwarf;
				ENABLE_STRICT_OBJC_MSGSEND = YES;
				ENABLE_TESTABILITY = YES;
				GCC_C_LANGUAGE_STANDARD = gnu11;
				GCC_DYNAMIC_NO_PIC = NO;
				GCC_NO_COMMON_BLOCKS = YES;
				GCC_OPTIMIZATION_LEVEL = 0;
				GCC_PREPROCESSOR_DEFINITIONS = (
					"DEBUG=1",
					"$(inherited)",
				);
				GCC_WARN_64_TO_32_BIT_CONVERSION = YES;
				GCC_WARN_ABOUT_RETURN_TYPE = YES_ERROR;
				GCC_WARN_UNDECLARED_SELECTOR = YES;
				GCC_WARN_UNINITIALIZED_AUTOS = YES_AGGRESSIVE;
				GCC_WARN_UNUSED_FUNCTION = YES;
				GCC_WARN_UNUSED_VARIABLE = YES;
				IPHONEOS_DEPLOYMENT_TARGET = 14.1;
				MTL_ENABLE_DEBUG_INFO = INCLUDE_SOURCE;
				MTL_FAST_MATH = YES;
				ONLY_ACTIVE_ARCH = YES;
				SDKROOT = iphoneos;
				SWIFT_ACTIVE_COMPILATION_CONDITIONS = DEBUG;
				SWIFT_OPTIMIZATION_LEVEL = "-Onone";
			};
			name = Debug;
		};
		E904842D25CE7D240050702A /* Release */ = {
			isa = XCBuildConfiguration;
			buildSettings = {
				ALWAYS_SEARCH_USER_PATHS = NO;
				CLANG_ANALYZER_NONNULL = YES;
				CLANG_ANALYZER_NUMBER_OBJECT_CONVERSION = YES_AGGRESSIVE;
				CLANG_CXX_LANGUAGE_STANDARD = "gnu++14";
				CLANG_CXX_LIBRARY = "libc++";
				CLANG_ENABLE_MODULES = YES;
				CLANG_ENABLE_OBJC_ARC = YES;
				CLANG_ENABLE_OBJC_WEAK = YES;
				CLANG_WARN_BLOCK_CAPTURE_AUTORELEASING = YES;
				CLANG_WARN_BOOL_CONVERSION = YES;
				CLANG_WARN_COMMA = YES;
				CLANG_WARN_CONSTANT_CONVERSION = YES;
				CLANG_WARN_DEPRECATED_OBJC_IMPLEMENTATIONS = YES;
				CLANG_WARN_DIRECT_OBJC_ISA_USAGE = YES_ERROR;
				CLANG_WARN_DOCUMENTATION_COMMENTS = YES;
				CLANG_WARN_EMPTY_BODY = YES;
				CLANG_WARN_ENUM_CONVERSION = YES;
				CLANG_WARN_INFINITE_RECURSION = YES;
				CLANG_WARN_INT_CONVERSION = YES;
				CLANG_WARN_NON_LITERAL_NULL_CONVERSION = YES;
				CLANG_WARN_OBJC_IMPLICIT_RETAIN_SELF = YES;
				CLANG_WARN_OBJC_LITERAL_CONVERSION = YES;
				CLANG_WARN_OBJC_ROOT_CLASS = YES_ERROR;
				CLANG_WARN_QUOTED_INCLUDE_IN_FRAMEWORK_HEADER = YES;
				CLANG_WARN_RANGE_LOOP_ANALYSIS = YES;
				CLANG_WARN_STRICT_PROTOTYPES = YES;
				CLANG_WARN_SUSPICIOUS_MOVE = YES;
				CLANG_WARN_UNGUARDED_AVAILABILITY = YES_AGGRESSIVE;
				CLANG_WARN_UNREACHABLE_CODE = YES;
				CLANG_WARN__DUPLICATE_METHOD_MATCH = YES;
				COPY_PHASE_STRIP = NO;
				DEBUG_INFORMATION_FORMAT = "dwarf-with-dsym";
				ENABLE_NS_ASSERTIONS = NO;
				ENABLE_STRICT_OBJC_MSGSEND = YES;
				GCC_C_LANGUAGE_STANDARD = gnu11;
				GCC_NO_COMMON_BLOCKS = YES;
				GCC_WARN_64_TO_32_BIT_CONVERSION = YES;
				GCC_WARN_ABOUT_RETURN_TYPE = YES_ERROR;
				GCC_WARN_UNDECLARED_SELECTOR = YES;
				GCC_WARN_UNINITIALIZED_AUTOS = YES_AGGRESSIVE;
				GCC_WARN_UNUSED_FUNCTION = YES;
				GCC_WARN_UNUSED_VARIABLE = YES;
				IPHONEOS_DEPLOYMENT_TARGET = 14.1;
				MTL_ENABLE_DEBUG_INFO = NO;
				MTL_FAST_MATH = YES;
				SDKROOT = iphoneos;
				SWIFT_COMPILATION_MODE = wholemodule;
				SWIFT_OPTIMIZATION_LEVEL = "-O";
				VALIDATE_PRODUCT = YES;
			};
			name = Release;
		};
		E904842F25CE7D240050702A /* Debug */ = {
			isa = XCBuildConfiguration;
			buildSettings = {
				ASSETCATALOG_COMPILER_APPICON_NAME = AppIcon;
				ASSETCATALOG_COMPILER_GLOBAL_ACCENT_COLOR_NAME = AccentColor;
				CODE_SIGN_STYLE = Automatic;
				INFOPLIST_FILE = VirtualTourist/Resources/Info.plist;
				LD_RUNPATH_SEARCH_PATHS = (
					"$(inherited)",
					"@executable_path/Frameworks",
				);
				PRODUCT_BUNDLE_IDENTIFIER = udacity.VirtualTourist;
				PRODUCT_NAME = "$(TARGET_NAME)";
				SWIFT_VERSION = 5.0;
				TARGETED_DEVICE_FAMILY = "1,2";
			};
			name = Debug;
		};
		E904843025CE7D240050702A /* Release */ = {
			isa = XCBuildConfiguration;
			buildSettings = {
				ASSETCATALOG_COMPILER_APPICON_NAME = AppIcon;
				ASSETCATALOG_COMPILER_GLOBAL_ACCENT_COLOR_NAME = AccentColor;
				CODE_SIGN_STYLE = Automatic;
				INFOPLIST_FILE = VirtualTourist/Resources/Info.plist;
				LD_RUNPATH_SEARCH_PATHS = (
					"$(inherited)",
					"@executable_path/Frameworks",
				);
				PRODUCT_BUNDLE_IDENTIFIER = udacity.VirtualTourist;
				PRODUCT_NAME = "$(TARGET_NAME)";
				SWIFT_VERSION = 5.0;
				TARGETED_DEVICE_FAMILY = "1,2";
			};
			name = Release;
		};
/* End XCBuildConfiguration section */

/* Begin XCConfigurationList section */
		E904841525CE7D230050702A /* Build configuration list for PBXProject "VirtualTourist" */ = {
			isa = XCConfigurationList;
			buildConfigurations = (
				E904842C25CE7D240050702A /* Debug */,
				E904842D25CE7D240050702A /* Release */,
			);
			defaultConfigurationIsVisible = 0;
			defaultConfigurationName = Release;
		};
		E904842E25CE7D240050702A /* Build configuration list for PBXNativeTarget "VirtualTourist" */ = {
			isa = XCConfigurationList;
			buildConfigurations = (
				E904842F25CE7D240050702A /* Debug */,
				E904843025CE7D240050702A /* Release */,
			);
			defaultConfigurationIsVisible = 0;
			defaultConfigurationName = Release;
		};
/* End XCConfigurationList section */

/* Begin XCVersionGroup section */
		E962A4D025DCDB9A00F8A608 /* VirtualTourist.xcdatamodeld */ = {
			isa = XCVersionGroup;
			children = (
				E962A4D125DCDB9A00F8A608 /* VirtualTourist.xcdatamodel */,
			);
			currentVersion = E962A4D125DCDB9A00F8A608 /* VirtualTourist.xcdatamodel */;
			path = VirtualTourist.xcdatamodeld;
			sourceTree = "<group>";
			versionGroupType = wrapper.xcdatamodel;
		};
/* End XCVersionGroup section */
	};
	rootObject = E904841225CE7D230050702A /* Project object */;
}
